
Microsoft Visual Studio Solution File, Format Version 12.00
# Visual Studio Version 16
VisualStudioVersion = 16.0.31205.134
MinimumVisualStudioVersion = 10.0.40219.1
Project("{9A19103F-16F7-4668-BE54-9A1E7A4F7556}") = "SelfGraphics", "SelfGraphics\SelfGraphics.csproj", "{A088B47F-997C-4E0B-A223-4FE02EDD14A2}"
EndProject
Global
	GlobalSection(SolutionConfigurationPlatforms) = preSolution
		Debug|Any CPU = Debug|Any CPU
		Debug|x64 = Debug|x64
		Release|Any CPU = Release|Any CPU
		Release|x64 = Release|x64
	EndGlobalSection
	GlobalSection(ProjectConfigurationPlatforms) = postSolution
		{A088B47F-997C-4E0B-A223-4FE02EDD14A2}.Debug|Any CPU.ActiveCfg = Debug|Any CPU
		{A088B47F-997C-4E0B-A223-4FE02EDD14A2}.Debug|Any CPU.Build.0 = Debug|Any CPU
		{A088B47F-997C-4E0B-A223-4FE02EDD14A2}.Debug|x64.ActiveCfg = Debug|x64
		{A088B47F-997C-4E0B-A223-4FE02EDD14A2}.Debug|x64.Build.0 = Debug|x64
		{A088B47F-997C-4E0B-A223-4FE02EDD14A2}.Release|Any CPU.ActiveCfg = Release|Any CPU
		{A088B47F-997C-4E0B-A223-4FE02EDD14A2}.Release|Any CPU.Build.0 = Release|Any CPU
		{A088B47F-997C-4E0B-A223-4FE02EDD14A2}.Release|x64.ActiveCfg = Release|x64
		{A088B47F-997C-4E0B-A223-4FE02EDD14A2}.Release|x64.Build.0 = Release|x64
	EndGlobalSection
	GlobalSection(SolutionProperties) = preSolution
		HideSolutionNode = FALSE
	EndGlobalSection
	GlobalSection(ExtensibilityGlobals) = postSolution
		SolutionGuid = {CEA138B3-E6E6-4C6B-81E0-361E40CAA1B6}
	EndGlobalSection
EndGlobal
